
Microsoft Visual Studio Solution File, Format Version 12.00
# Visual Studio Version 17
VisualStudioVersion = 17.11.35312.102
MinimumVisualStudioVersion = 10.0.40219.1
Project("{FAE04EC0-301F-11D3-BF4B-00C04F79EFBC}") = "TrackSmart", "TrackSmart\TrackSmart.csproj", "{2DF9FD31-3E09-40AF-83B9-322CF85E696B}"
EndProject
Global
	GlobalSection(SolutionConfigurationPlatforms) = preSolution
		Debug|Any CPU = Debug|Any CPU
		Release|Any CPU = Release|Any CPU
	EndGlobalSection
	GlobalSection(ProjectConfigurationPlatforms) = postSolution
		{2DF9FD31-3E09-40AF-83B9-322CF85E696B}.Debug|Any CPU.ActiveCfg = Debug|Any CPU
		{2DF9FD31-3E09-40AF-83B9-322CF85E696B}.Debug|Any CPU.Build.0 = Debug|Any CPU
		{2DF9FD31-3E09-40AF-83B9-322CF85E696B}.Release|Any CPU.ActiveCfg = Release|Any CPU
		{2DF9FD31-3E09-40AF-83B9-322CF85E696B}.Release|Any CPU.Build.0 = Release|Any CPU
	EndGlobalSection
	GlobalSection(SolutionProperties) = preSolution
		HideSolutionNode = FALSE
	EndGlobalSection
	GlobalSection(ExtensibilityGlobals) = postSolution
		SolutionGuid = {49209A33-3084-40D9-AD95-DFD4C4E39E0E}
	EndGlobalSection
EndGlobal
